
Microsoft Visual Studio Solution File, Format Version 12.00
# Visual Studio 15
VisualStudioVersion = 15.0.27703.2042
MinimumVisualStudioVersion = 10.0.40219.1
Project("{FAE04EC0-301F-11D3-BF4B-00C04F79EFBC}") = "Калейдоскоп", "Калейдоскоп\Калейдоскоп.csproj", "{AEB4B5CC-D426-436E-B865-2D27E8DCEA12}"
EndProject
Global
	GlobalSection(SolutionConfigurationPlatforms) = preSolution
		Debug|Any CPU = Debug|Any CPU
		Release|Any CPU = Release|Any CPU
	EndGlobalSection
	GlobalSection(ProjectConfigurationPlatforms) = postSolution
		{AEB4B5CC-D426-436E-B865-2D27E8DCEA12}.Debug|Any CPU.ActiveCfg = Debug|Any CPU
		{AEB4B5CC-D426-436E-B865-2D27E8DCEA12}.Debug|Any CPU.Build.0 = Debug|Any CPU
		{AEB4B5CC-D426-436E-B865-2D27E8DCEA12}.Release|Any CPU.ActiveCfg = Release|Any CPU
		{AEB4B5CC-D426-436E-B865-2D27E8DCEA12}.Release|Any CPU.Build.0 = Release|Any CPU
	EndGlobalSection
	GlobalSection(SolutionProperties) = preSolution
		HideSolutionNode = FALSE
	EndGlobalSection
	GlobalSection(ExtensibilityGlobals) = postSolution
		SolutionGuid = {D7381B2F-9028-42BA-9E9D-B307FFD5A401}
	EndGlobalSection
EndGlobal
